
Microsoft Visual Studio Solution File, Format Version 12.00
# Visual Studio Version 17
VisualStudioVersion = 17.4.33103.184
MinimumVisualStudioVersion = 10.0.40219.1
Project("{9A19103F-16F7-4668-BE54-9A1E7A4F7556}") = "DailySpendWebApp", "DailySpendWebApp\DailySpendWebApp.csproj", "{E129BF89-260E-48B1-A0F7-D6165871E2FD}"
EndProject
Global
	GlobalSection(SolutionConfigurationPlatforms) = preSolution
		Debug|Any CPU = Debug|Any CPU
		Release|Any CPU = Release|Any CPU
	EndGlobalSection
	GlobalSection(ProjectConfigurationPlatforms) = postSolution
		{E129BF89-260E-48B1-A0F7-D6165871E2FD}.Debug|Any CPU.ActiveCfg = Debug|Any CPU
		{E129BF89-260E-48B1-A0F7-D6165871E2FD}.Debug|Any CPU.Build.0 = Debug|Any CPU
		{E129BF89-260E-48B1-A0F7-D6165871E2FD}.Release|Any CPU.ActiveCfg = Release|Any CPU
		{E129BF89-260E-48B1-A0F7-D6165871E2FD}.Release|Any CPU.Build.0 = Release|Any CPU
	EndGlobalSection
	GlobalSection(SolutionProperties) = preSolution
		HideSolutionNode = FALSE
	EndGlobalSection
	GlobalSection(ExtensibilityGlobals) = postSolution
		SolutionGuid = {D3971D79-B74F-44E4-A63C-B7DD30CEB490}
	EndGlobalSection
EndGlobal
